// !$*UTF8*$!
{
	archiveVersion = 1;
	classes = {
	};
	objectVersion = 56;
	objects = {

/* Begin PBXBuildFile section */
		4DD4030301C7FBE4DF8A5B92 /* Pods_calendar.framework in Frameworks */ = {isa = PBXBuildFile; fileRef = A51C22F83D0AF6AA2F72972E /* Pods_calendar.framework */; };
		F456CD8C292A22FF0012555B /* AppDelegate.swift in Sources */ = {isa = PBXBuildFile; fileRef = F456CD8B292A22FF0012555B /* AppDelegate.swift */; };
		F456CD8E292A22FF0012555B /* SceneDelegate.swift in Sources */ = {isa = PBXBuildFile; fileRef = F456CD8D292A22FF0012555B /* SceneDelegate.swift */; };
		F456CD95292A23000012555B /* Assets.xcassets in Resources */ = {isa = PBXBuildFile; fileRef = F456CD94292A23000012555B /* Assets.xcassets */; };
		F456CD98292A23000012555B /* LaunchScreen.storyboard in Resources */ = {isa = PBXBuildFile; fileRef = F456CD96292A23000012555B /* LaunchScreen.storyboard */; };
		F456CDA3292A23010012555B /* calendarTests.swift in Sources */ = {isa = PBXBuildFile; fileRef = F456CDA2292A23010012555B /* calendarTests.swift */; };
		F456CDAD292A23010012555B /* calendarUITests.swift in Sources */ = {isa = PBXBuildFile; fileRef = F456CDAC292A23010012555B /* calendarUITests.swift */; };
		F456CDAF292A23010012555B /* calendarUITestsLaunchTests.swift in Sources */ = {isa = PBXBuildFile; fileRef = F456CDAE292A23010012555B /* calendarUITestsLaunchTests.swift */; };
		F464BFA9292A48A400D98191 /* GoogleService-Info.plist in Resources */ = {isa = PBXBuildFile; fileRef = F464BFA8292A48A400D98191 /* GoogleService-Info.plist */; };
		F464BFAD292A512B00D98191 /* CalendarBodyLabel.swift in Sources */ = {isa = PBXBuildFile; fileRef = F464BFAC292A512B00D98191 /* CalendarBodyLabel.swift */; };
		F464BFB0292A529B00D98191 /* LoginVC.swift in Sources */ = {isa = PBXBuildFile; fileRef = F464BFAF292A529B00D98191 /* LoginVC.swift */; };
		F464BFB3292A5C4F00D98191 /* NCAlertVC.swift in Sources */ = {isa = PBXBuildFile; fileRef = F464BFB2292A5C4F00D98191 /* NCAlertVC.swift */; };
		F464BFB6292A624C00D98191 /* CalendarAlertContainerView.swift in Sources */ = {isa = PBXBuildFile; fileRef = F464BFB5292A624C00D98191 /* CalendarAlertContainerView.swift */; };
		F464BFB8292A631300D98191 /* CalendarTitleLabel.swift in Sources */ = {isa = PBXBuildFile; fileRef = F464BFB7292A631300D98191 /* CalendarTitleLabel.swift */; };
		F464BFBB292A63F500D98191 /* CalendarActionButton.swift in Sources */ = {isa = PBXBuildFile; fileRef = F464BFBA292A63F500D98191 /* CalendarActionButton.swift */; };
		F464BFBF292A64E500D98191 /* UIViewControllerExt.swift in Sources */ = {isa = PBXBuildFile; fileRef = F464BFBE292A64E500D98191 /* UIViewControllerExt.swift */; };
		F464BFC3292A737900D98191 /* CalendarError.swift in Sources */ = {isa = PBXBuildFile; fileRef = F464BFC2292A737900D98191 /* CalendarError.swift */; };
		F464BFC5292A743100D98191 /* LauncherVC.swift in Sources */ = {isa = PBXBuildFile; fileRef = F464BFC4292A743100D98191 /* LauncherVC.swift */; };
		F464BFC7292A754300D98191 /* CalendarLoadingVC.swift in Sources */ = {isa = PBXBuildFile; fileRef = F464BFC6292A754300D98191 /* CalendarLoadingVC.swift */; };
		F464BFCC292A950A00D98191 /* UserManager.swift in Sources */ = {isa = PBXBuildFile; fileRef = F464BFCB292A950A00D98191 /* UserManager.swift */; };
		F464BFCE292A958700D98191 /* ErrorConstants.swift in Sources */ = {isa = PBXBuildFile; fileRef = F464BFCD292A958700D98191 /* ErrorConstants.swift */; };
		F464BFD0292AABA800D98191 /* PersistentManager.swift in Sources */ = {isa = PBXBuildFile; fileRef = F464BFCF292AABA800D98191 /* PersistentManager.swift */; };
		F464BFD2292ABBD900D98191 /* UIViewExt.swift in Sources */ = {isa = PBXBuildFile; fileRef = F464BFD1292ABBD900D98191 /* UIViewExt.swift */; };
		F464BFD4292AD4CF00D98191 /* NetworkManager.swift in Sources */ = {isa = PBXBuildFile; fileRef = F464BFD3292AD4CF00D98191 /* NetworkManager.swift */; };
		F464BFD6292AD52200D98191 /* NetworkUtils.swift in Sources */ = {isa = PBXBuildFile; fileRef = F464BFD5292AD52200D98191 /* NetworkUtils.swift */; };
		F464BFDA292AD83A00D98191 /* CalendarAPI.swift in Sources */ = {isa = PBXBuildFile; fileRef = F464BFD9292AD83A00D98191 /* CalendarAPI.swift */; };
		F464BFDC292AF2FA00D98191 /* CalendarModal.swift in Sources */ = {isa = PBXBuildFile; fileRef = F464BFDB292AF2FA00D98191 /* CalendarModal.swift */; };
		F464BFDE292BB41000D98191 /* CalendarVC.swift in Sources */ = {isa = PBXBuildFile; fileRef = F464BFDD292BB41000D98191 /* CalendarVC.swift */; };
/* End PBXBuildFile section */

/* Begin PBXContainerItemProxy section */
		F456CD9F292A23010012555B /* PBXContainerItemProxy */ = {
			isa = PBXContainerItemProxy;
			containerPortal = F456CD80292A22FF0012555B /* Project object */;
			proxyType = 1;
			remoteGlobalIDString = F456CD87292A22FF0012555B;
			remoteInfo = calendar;
		};
		F456CDA9292A23010012555B /* PBXContainerItemProxy */ = {
			isa = PBXContainerItemProxy;
			containerPortal = F456CD80292A22FF0012555B /* Project object */;
			proxyType = 1;
			remoteGlobalIDString = F456CD87292A22FF0012555B;
			remoteInfo = calendar;
		};
/* End PBXContainerItemProxy section */

/* Begin PBXFileReference section */
		2A46E7D564D27C90D94BE3FF /* Pods-calendar.release.xcconfig */ = {isa = PBXFileReference; includeInIndex = 1; lastKnownFileType = text.xcconfig; name = "Pods-calendar.release.xcconfig"; path = "Target Support Files/Pods-calendar/Pods-calendar.release.xcconfig"; sourceTree = "<group>"; };
		A51C22F83D0AF6AA2F72972E /* Pods_calendar.framework */ = {isa = PBXFileReference; explicitFileType = wrapper.framework; includeInIndex = 0; path = Pods_calendar.framework; sourceTree = BUILT_PRODUCTS_DIR; };
		D6C4E6AE40166E203A717FBC /* Pods-calendar.debug.xcconfig */ = {isa = PBXFileReference; includeInIndex = 1; lastKnownFileType = text.xcconfig; name = "Pods-calendar.debug.xcconfig"; path = "Target Support Files/Pods-calendar/Pods-calendar.debug.xcconfig"; sourceTree = "<group>"; };
		F456CD88292A22FF0012555B /* calendar.app */ = {isa = PBXFileReference; explicitFileType = wrapper.application; includeInIndex = 0; path = calendar.app; sourceTree = BUILT_PRODUCTS_DIR; };
		F456CD8B292A22FF0012555B /* AppDelegate.swift */ = {isa = PBXFileReference; lastKnownFileType = sourcecode.swift; path = AppDelegate.swift; sourceTree = "<group>"; };
		F456CD8D292A22FF0012555B /* SceneDelegate.swift */ = {isa = PBXFileReference; lastKnownFileType = sourcecode.swift; path = SceneDelegate.swift; sourceTree = "<group>"; };
		F456CD94292A23000012555B /* Assets.xcassets */ = {isa = PBXFileReference; lastKnownFileType = folder.assetcatalog; path = Assets.xcassets; sourceTree = "<group>"; };
		F456CD97292A23000012555B /* Base */ = {isa = PBXFileReference; lastKnownFileType = file.storyboard; name = Base; path = Base.lproj/LaunchScreen.storyboard; sourceTree = "<group>"; };
		F456CD99292A23000012555B /* Info.plist */ = {isa = PBXFileReference; lastKnownFileType = text.plist.xml; path = Info.plist; sourceTree = "<group>"; };
		F456CD9E292A23010012555B /* calendarTests.xctest */ = {isa = PBXFileReference; explicitFileType = wrapper.cfbundle; includeInIndex = 0; path = calendarTests.xctest; sourceTree = BUILT_PRODUCTS_DIR; };
		F456CDA2292A23010012555B /* calendarTests.swift */ = {isa = PBXFileReference; lastKnownFileType = sourcecode.swift; path = calendarTests.swift; sourceTree = "<group>"; };
		F456CDA8292A23010012555B /* calendarUITests.xctest */ = {isa = PBXFileReference; explicitFileType = wrapper.cfbundle; includeInIndex = 0; path = calendarUITests.xctest; sourceTree = BUILT_PRODUCTS_DIR; };
		F456CDAC292A23010012555B /* calendarUITests.swift */ = {isa = PBXFileReference; lastKnownFileType = sourcecode.swift; path = calendarUITests.swift; sourceTree = "<group>"; };
		F456CDAE292A23010012555B /* calendarUITestsLaunchTests.swift */ = {isa = PBXFileReference; lastKnownFileType = sourcecode.swift; path = calendarUITestsLaunchTests.swift; sourceTree = "<group>"; };
		F456CDBB292A241A0012555B /* calendar.entitlements */ = {isa = PBXFileReference; lastKnownFileType = text.plist.entitlements; path = calendar.entitlements; sourceTree = "<group>"; };
		F464BFA8292A48A400D98191 /* GoogleService-Info.plist */ = {isa = PBXFileReference; fileEncoding = 4; lastKnownFileType = text.plist.xml; path = "GoogleService-Info.plist"; sourceTree = "<group>"; };
		F464BFAC292A512B00D98191 /* CalendarBodyLabel.swift */ = {isa = PBXFileReference; lastKnownFileType = sourcecode.swift; path = CalendarBodyLabel.swift; sourceTree = "<group>"; };
		F464BFAF292A529B00D98191 /* LoginVC.swift */ = {isa = PBXFileReference; lastKnownFileType = sourcecode.swift; path = LoginVC.swift; sourceTree = "<group>"; };
		F464BFB2292A5C4F00D98191 /* NCAlertVC.swift */ = {isa = PBXFileReference; lastKnownFileType = sourcecode.swift; path = NCAlertVC.swift; sourceTree = "<group>"; };
		F464BFB5292A624C00D98191 /* CalendarAlertContainerView.swift */ = {isa = PBXFileReference; lastKnownFileType = sourcecode.swift; path = CalendarAlertContainerView.swift; sourceTree = "<group>"; };
		F464BFB7292A631300D98191 /* CalendarTitleLabel.swift */ = {isa = PBXFileReference; lastKnownFileType = sourcecode.swift; path = CalendarTitleLabel.swift; sourceTree = "<group>"; };
		F464BFBA292A63F500D98191 /* CalendarActionButton.swift */ = {isa = PBXFileReference; lastKnownFileType = sourcecode.swift; path = CalendarActionButton.swift; sourceTree = "<group>"; };
		F464BFBE292A64E500D98191 /* UIViewControllerExt.swift */ = {isa = PBXFileReference; lastKnownFileType = sourcecode.swift; path = UIViewControllerExt.swift; sourceTree = "<group>"; };
		F464BFC2292A737900D98191 /* CalendarError.swift */ = {isa = PBXFileReference; lastKnownFileType = sourcecode.swift; path = CalendarError.swift; sourceTree = "<group>"; };
		F464BFC4292A743100D98191 /* LauncherVC.swift */ = {isa = PBXFileReference; lastKnownFileType = sourcecode.swift; path = LauncherVC.swift; sourceTree = "<group>"; };
		F464BFC6292A754300D98191 /* CalendarLoadingVC.swift */ = {isa = PBXFileReference; lastKnownFileType = sourcecode.swift; path = CalendarLoadingVC.swift; sourceTree = "<group>"; };
		F464BFCB292A950A00D98191 /* UserManager.swift */ = {isa = PBXFileReference; lastKnownFileType = sourcecode.swift; path = UserManager.swift; sourceTree = "<group>"; };
		F464BFCD292A958700D98191 /* ErrorConstants.swift */ = {isa = PBXFileReference; lastKnownFileType = sourcecode.swift; path = ErrorConstants.swift; sourceTree = "<group>"; };
		F464BFCF292AABA800D98191 /* PersistentManager.swift */ = {isa = PBXFileReference; lastKnownFileType = sourcecode.swift; path = PersistentManager.swift; sourceTree = "<group>"; };
		F464BFD1292ABBD900D98191 /* UIViewExt.swift */ = {isa = PBXFileReference; lastKnownFileType = sourcecode.swift; path = UIViewExt.swift; sourceTree = "<group>"; };
		F464BFD3292AD4CF00D98191 /* NetworkManager.swift */ = {isa = PBXFileReference; lastKnownFileType = sourcecode.swift; path = NetworkManager.swift; sourceTree = "<group>"; };
		F464BFD5292AD52200D98191 /* NetworkUtils.swift */ = {isa = PBXFileReference; lastKnownFileType = sourcecode.swift; path = NetworkUtils.swift; sourceTree = "<group>"; };
		F464BFD9292AD83A00D98191 /* CalendarAPI.swift */ = {isa = PBXFileReference; lastKnownFileType = sourcecode.swift; path = CalendarAPI.swift; sourceTree = "<group>"; };
		F464BFDB292AF2FA00D98191 /* CalendarModal.swift */ = {isa = PBXFileReference; lastKnownFileType = sourcecode.swift; path = CalendarModal.swift; sourceTree = "<group>"; };
		F464BFDD292BB41000D98191 /* CalendarVC.swift */ = {isa = PBXFileReference; lastKnownFileType = sourcecode.swift; path = CalendarVC.swift; sourceTree = "<group>"; };
/* End PBXFileReference section */

/* Begin PBXFrameworksBuildPhase section */
		F456CD85292A22FF0012555B /* Frameworks */ = {
			isa = PBXFrameworksBuildPhase;
			buildActionMask = 2147483647;
			files = (
				4DD4030301C7FBE4DF8A5B92 /* Pods_calendar.framework in Frameworks */,
			);
			runOnlyForDeploymentPostprocessing = 0;
		};
		F456CD9B292A23010012555B /* Frameworks */ = {
			isa = PBXFrameworksBuildPhase;
			buildActionMask = 2147483647;
			files = (
			);
			runOnlyForDeploymentPostprocessing = 0;
		};
		F456CDA5292A23010012555B /* Frameworks */ = {
			isa = PBXFrameworksBuildPhase;
			buildActionMask = 2147483647;
			files = (
			);
			runOnlyForDeploymentPostprocessing = 0;
		};
/* End PBXFrameworksBuildPhase section */

/* Begin PBXGroup section */
		760CB138D4DCD42F945CDF46 /* Pods */ = {
			isa = PBXGroup;
			children = (
				D6C4E6AE40166E203A717FBC /* Pods-calendar.debug.xcconfig */,
				2A46E7D564D27C90D94BE3FF /* Pods-calendar.release.xcconfig */,
			);
			path = Pods;
			sourceTree = "<group>";
		};
		A772638BE1E34C085703838B /* Frameworks */ = {
			isa = PBXGroup;
			children = (
				A51C22F83D0AF6AA2F72972E /* Pods_calendar.framework */,
			);
			name = Frameworks;
			sourceTree = "<group>";
		};
		F456CD7F292A22FF0012555B = {
			isa = PBXGroup;
			children = (
				F456CD8A292A22FF0012555B /* calendar */,
				F456CDA1292A23010012555B /* calendarTests */,
				F456CDAB292A23010012555B /* calendarUITests */,
				F456CD89292A22FF0012555B /* Products */,
				760CB138D4DCD42F945CDF46 /* Pods */,
				A772638BE1E34C085703838B /* Frameworks */,
			);
			sourceTree = "<group>";
		};
		F456CD89292A22FF0012555B /* Products */ = {
			isa = PBXGroup;
			children = (
				F456CD88292A22FF0012555B /* calendar.app */,
				F456CD9E292A23010012555B /* calendarTests.xctest */,
				F456CDA8292A23010012555B /* calendarUITests.xctest */,
			);
			name = Products;
			sourceTree = "<group>";
		};
		F456CD8A292A22FF0012555B /* calendar */ = {
			isa = PBXGroup;
			children = (
				F464BFD7292AD7A900D98191 /* Modals */,
				F464BFC8292A946B00D98191 /* Managers */,
				F464BFC0292A735500D98191 /* Utilities */,
				F464BFBC292A64BC00D98191 /* Extensions */,
				F464BFAE292A526100D98191 /* Screens */,
				F464BFAA292A4FF600D98191 /* CustomViews */,
				F464BFA8292A48A400D98191 /* GoogleService-Info.plist */,
				F456CDBB292A241A0012555B /* calendar.entitlements */,
				F464BFA7292A2ED200D98191 /* SupportingFiles */,
				F456CD99292A23000012555B /* Info.plist */,
			);
			path = calendar;
			sourceTree = "<group>";
		};
		F456CDA1292A23010012555B /* calendarTests */ = {
			isa = PBXGroup;
			children = (
				F456CDA2292A23010012555B /* calendarTests.swift */,
			);
			path = calendarTests;
			sourceTree = "<group>";
		};
		F456CDAB292A23010012555B /* calendarUITests */ = {
			isa = PBXGroup;
			children = (
				F456CDAC292A23010012555B /* calendarUITests.swift */,
				F456CDAE292A23010012555B /* calendarUITestsLaunchTests.swift */,
			);
			path = calendarUITests;
			sourceTree = "<group>";
		};
		F464BFA7292A2ED200D98191 /* SupportingFiles */ = {
			isa = PBXGroup;
			children = (
				F456CD96292A23000012555B /* LaunchScreen.storyboard */,
				F456CD94292A23000012555B /* Assets.xcassets */,
				F456CD8D292A22FF0012555B /* SceneDelegate.swift */,
				F456CD8B292A22FF0012555B /* AppDelegate.swift */,
			);
			path = SupportingFiles;
			sourceTree = "<group>";
		};
		F464BFAA292A4FF600D98191 /* CustomViews */ = {
			isa = PBXGroup;
			children = (
				F464BFB9292A63D500D98191 /* UIButtons */,
				F464BFB4292A623100D98191 /* UIViews */,
				F464BFB1292A5C3100D98191 /* UIViewControllers */,
				F464BFAB292A505000D98191 /* UILabels */,
			);
			path = CustomViews;
			sourceTree = "<group>";
		};
		F464BFAB292A505000D98191 /* UILabels */ = {
			isa = PBXGroup;
			children = (
				F464BFAC292A512B00D98191 /* CalendarBodyLabel.swift */,
				F464BFB7292A631300D98191 /* CalendarTitleLabel.swift */,
			);
			path = UILabels;
			sourceTree = "<group>";
		};
		F464BFAE292A526100D98191 /* Screens */ = {
			isa = PBXGroup;
			children = (
				F464BFAF292A529B00D98191 /* LoginVC.swift */,
				F464BFC4292A743100D98191 /* LauncherVC.swift */,
				F464BFDD292BB41000D98191 /* CalendarVC.swift */,
			);
			path = Screens;
			sourceTree = "<group>";
		};
		F464BFB1292A5C3100D98191 /* UIViewControllers */ = {
			isa = PBXGroup;
			children = (
				F464BFB2292A5C4F00D98191 /* NCAlertVC.swift */,
				F464BFC6292A754300D98191 /* CalendarLoadingVC.swift */,
			);
			path = UIViewControllers;
			sourceTree = "<group>";
		};
		F464BFB4292A623100D98191 /* UIViews */ = {
			isa = PBXGroup;
			children = (
				F464BFB5292A624C00D98191 /* CalendarAlertContainerView.swift */,
			);
			path = UIViews;
			sourceTree = "<group>";
		};
		F464BFB9292A63D500D98191 /* UIButtons */ = {
			isa = PBXGroup;
			children = (
				F464BFBA292A63F500D98191 /* CalendarActionButton.swift */,
			);
			path = UIButtons;
			sourceTree = "<group>";
		};
		F464BFBC292A64BC00D98191 /* Extensions */ = {
			isa = PBXGroup;
			children = (
				F464BFBE292A64E500D98191 /* UIViewControllerExt.swift */,
				F464BFD1292ABBD900D98191 /* UIViewExt.swift */,
			);
			path = Extensions;
			sourceTree = "<group>";
		};
		F464BFC0292A735500D98191 /* Utilities */ = {
			isa = PBXGroup;
			children = (
				F464BFC2292A737900D98191 /* CalendarError.swift */,
				F464BFCD292A958700D98191 /* ErrorConstants.swift */,
				F464BFD5292AD52200D98191 /* NetworkUtils.swift */,
			);
			path = Utilities;
			sourceTree = "<group>";
		};
		F464BFC8292A946B00D98191 /* Managers */ = {
			isa = PBXGroup;
			children = (
				F464BFCB292A950A00D98191 /* UserManager.swift */,
				F464BFCF292AABA800D98191 /* PersistentManager.swift */,
				F464BFD3292AD4CF00D98191 /* NetworkManager.swift */,
			);
			path = Managers;
			sourceTree = "<group>";
		};
		F464BFD7292AD7A900D98191 /* Modals */ = {
			isa = PBXGroup;
			children = (
				F464BFD9292AD83A00D98191 /* CalendarAPI.swift */,
				F464BFDB292AF2FA00D98191 /* CalendarModal.swift */,
			);
			path = Modals;
			sourceTree = "<group>";
		};
/* End PBXGroup section */

/* Begin PBXNativeTarget section */
		F456CD87292A22FF0012555B /* calendar */ = {
			isa = PBXNativeTarget;
			buildConfigurationList = F456CDB2292A23010012555B /* Build configuration list for PBXNativeTarget "calendar" */;
			buildPhases = (
				400C138D9929F9A14AFE0D30 /* [CP] Check Pods Manifest.lock */,
				F456CD84292A22FF0012555B /* Sources */,
				F456CD85292A22FF0012555B /* Frameworks */,
				F456CD86292A22FF0012555B /* Resources */,
				10029D164B4A07B84BB52FFB /* [CP] Embed Pods Frameworks */,
			);
			buildRules = (
			);
			dependencies = (
			);
			name = calendar;
			productName = calendar;
			productReference = F456CD88292A22FF0012555B /* calendar.app */;
			productType = "com.apple.product-type.application";
		};
		F456CD9D292A23010012555B /* calendarTests */ = {
			isa = PBXNativeTarget;
			buildConfigurationList = F456CDB5292A23010012555B /* Build configuration list for PBXNativeTarget "calendarTests" */;
			buildPhases = (
				F456CD9A292A23010012555B /* Sources */,
				F456CD9B292A23010012555B /* Frameworks */,
				F456CD9C292A23010012555B /* Resources */,
			);
			buildRules = (
			);
			dependencies = (
				F456CDA0292A23010012555B /* PBXTargetDependency */,
			);
			name = calendarTests;
			productName = calendarTests;
			productReference = F456CD9E292A23010012555B /* calendarTests.xctest */;
			productType = "com.apple.product-type.bundle.unit-test";
		};
		F456CDA7292A23010012555B /* calendarUITests */ = {
			isa = PBXNativeTarget;
			buildConfigurationList = F456CDB8292A23010012555B /* Build configuration list for PBXNativeTarget "calendarUITests" */;
			buildPhases = (
				F456CDA4292A23010012555B /* Sources */,
				F456CDA5292A23010012555B /* Frameworks */,
				F456CDA6292A23010012555B /* Resources */,
			);
			buildRules = (
			);
			dependencies = (
				F456CDAA292A23010012555B /* PBXTargetDependency */,
			);
			name = calendarUITests;
			productName = calendarUITests;
			productReference = F456CDA8292A23010012555B /* calendarUITests.xctest */;
			productType = "com.apple.product-type.bundle.ui-testing";
		};
/* End PBXNativeTarget section */

/* Begin PBXProject section */
		F456CD80292A22FF0012555B /* Project object */ = {
			isa = PBXProject;
			attributes = {
				BuildIndependentTargetsInParallel = 1;
				LastSwiftUpdateCheck = 1410;
				LastUpgradeCheck = 1410;
				TargetAttributes = {
					F456CD87292A22FF0012555B = {
						CreatedOnToolsVersion = 14.1;
					};
					F456CD9D292A23010012555B = {
						CreatedOnToolsVersion = 14.1;
						TestTargetID = F456CD87292A22FF0012555B;
					};
					F456CDA7292A23010012555B = {
						CreatedOnToolsVersion = 14.1;
						TestTargetID = F456CD87292A22FF0012555B;
					};
				};
			};
			buildConfigurationList = F456CD83292A22FF0012555B /* Build configuration list for PBXProject "calendar" */;
			compatibilityVersion = "Xcode 14.0";
			developmentRegion = en;
			hasScannedForEncodings = 0;
			knownRegions = (
				en,
				Base,
			);
			mainGroup = F456CD7F292A22FF0012555B;
			productRefGroup = F456CD89292A22FF0012555B /* Products */;
			projectDirPath = "";
			projectRoot = "";
			targets = (
				F456CD87292A22FF0012555B /* calendar */,
				F456CD9D292A23010012555B /* calendarTests */,
				F456CDA7292A23010012555B /* calendarUITests */,
			);
		};
/* End PBXProject section */

/* Begin PBXResourcesBuildPhase section */
		F456CD86292A22FF0012555B /* Resources */ = {
			isa = PBXResourcesBuildPhase;
			buildActionMask = 2147483647;
			files = (
				F456CD98292A23000012555B /* LaunchScreen.storyboard in Resources */,
				F456CD95292A23000012555B /* Assets.xcassets in Resources */,
				F464BFA9292A48A400D98191 /* GoogleService-Info.plist in Resources */,
			);
			runOnlyForDeploymentPostprocessing = 0;
		};
		F456CD9C292A23010012555B /* Resources */ = {
			isa = PBXResourcesBuildPhase;
			buildActionMask = 2147483647;
			files = (
			);
			runOnlyForDeploymentPostprocessing = 0;
		};
		F456CDA6292A23010012555B /* Resources */ = {
			isa = PBXResourcesBuildPhase;
			buildActionMask = 2147483647;
			files = (
			);
			runOnlyForDeploymentPostprocessing = 0;
		};
/* End PBXResourcesBuildPhase section */

/* Begin PBXShellScriptBuildPhase section */
		10029D164B4A07B84BB52FFB /* [CP] Embed Pods Frameworks */ = {
			isa = PBXShellScriptBuildPhase;
			buildActionMask = 2147483647;
			files = (
			);
			inputFileListPaths = (
				"${PODS_ROOT}/Target Support Files/Pods-calendar/Pods-calendar-frameworks-${CONFIGURATION}-input-files.xcfilelist",
			);
			name = "[CP] Embed Pods Frameworks";
			outputFileListPaths = (
				"${PODS_ROOT}/Target Support Files/Pods-calendar/Pods-calendar-frameworks-${CONFIGURATION}-output-files.xcfilelist",
			);
			runOnlyForDeploymentPostprocessing = 0;
			shellPath = /bin/sh;
			shellScript = "\"${PODS_ROOT}/Target Support Files/Pods-calendar/Pods-calendar-frameworks.sh\"\n";
			showEnvVarsInLog = 0;
		};
		400C138D9929F9A14AFE0D30 /* [CP] Check Pods Manifest.lock */ = {
			isa = PBXShellScriptBuildPhase;
			buildActionMask = 2147483647;
			files = (
			);
			inputFileListPaths = (
			);
			inputPaths = (
				"${PODS_PODFILE_DIR_PATH}/Podfile.lock",
				"${PODS_ROOT}/Manifest.lock",
			);
			name = "[CP] Check Pods Manifest.lock";
			outputFileListPaths = (
			);
			outputPaths = (
				"$(DERIVED_FILE_DIR)/Pods-calendar-checkManifestLockResult.txt",
			);
			runOnlyForDeploymentPostprocessing = 0;
			shellPath = /bin/sh;
			shellScript = "diff \"${PODS_PODFILE_DIR_PATH}/Podfile.lock\" \"${PODS_ROOT}/Manifest.lock\" > /dev/null\nif [ $? != 0 ] ; then\n    # print error to STDERR\n    echo \"error: The sandbox is not in sync with the Podfile.lock. Run 'pod install' or update your CocoaPods installation.\" >&2\n    exit 1\nfi\n# This output is used by Xcode 'outputs' to avoid re-running this script phase.\necho \"SUCCESS\" > \"${SCRIPT_OUTPUT_FILE_0}\"\n";
			showEnvVarsInLog = 0;
		};
/* End PBXShellScriptBuildPhase section */

/* Begin PBXSourcesBuildPhase section */
		F456CD84292A22FF0012555B /* Sources */ = {
			isa = PBXSourcesBuildPhase;
			buildActionMask = 2147483647;
			files = (
				F464BFDC292AF2FA00D98191 /* CalendarModal.swift in Sources */,
				F464BFDA292AD83A00D98191 /* CalendarAPI.swift in Sources */,
				F464BFDE292BB41000D98191 /* CalendarVC.swift in Sources */,
				F464BFD4292AD4CF00D98191 /* NetworkManager.swift in Sources */,
				F464BFBF292A64E500D98191 /* UIViewControllerExt.swift in Sources */,
				F464BFC3292A737900D98191 /* CalendarError.swift in Sources */,
				F464BFB3292A5C4F00D98191 /* NCAlertVC.swift in Sources */,
				F464BFCC292A950A00D98191 /* UserManager.swift in Sources */,
				F464BFCE292A958700D98191 /* ErrorConstants.swift in Sources */,
				F464BFB6292A624C00D98191 /* CalendarAlertContainerView.swift in Sources */,
				F456CD8C292A22FF0012555B /* AppDelegate.swift in Sources */,
				F464BFC5292A743100D98191 /* LauncherVC.swift in Sources */,
				F464BFAD292A512B00D98191 /* CalendarBodyLabel.swift in Sources */,
				F456CD8E292A22FF0012555B /* SceneDelegate.swift in Sources */,
				F464BFD6292AD52200D98191 /* NetworkUtils.swift in Sources */,
				F464BFBB292A63F500D98191 /* CalendarActionButton.swift in Sources */,
				F464BFC7292A754300D98191 /* CalendarLoadingVC.swift in Sources */,
				F464BFD2292ABBD900D98191 /* UIViewExt.swift in Sources */,
				F464BFB0292A529B00D98191 /* LoginVC.swift in Sources */,
				F464BFD0292AABA800D98191 /* PersistentManager.swift in Sources */,
				F464BFB8292A631300D98191 /* CalendarTitleLabel.swift in Sources */,
			);
			runOnlyForDeploymentPostprocessing = 0;
		};
		F456CD9A292A23010012555B /* Sources */ = {
			isa = PBXSourcesBuildPhase;
			buildActionMask = 2147483647;
			files = (
				F456CDA3292A23010012555B /* calendarTests.swift in Sources */,
			);
			runOnlyForDeploymentPostprocessing = 0;
		};
		F456CDA4292A23010012555B /* Sources */ = {
			isa = PBXSourcesBuildPhase;
			buildActionMask = 2147483647;
			files = (
				F456CDAF292A23010012555B /* calendarUITestsLaunchTests.swift in Sources */,
				F456CDAD292A23010012555B /* calendarUITests.swift in Sources */,
			);
			runOnlyForDeploymentPostprocessing = 0;
		};
/* End PBXSourcesBuildPhase section */

/* Begin PBXTargetDependency section */
		F456CDA0292A23010012555B /* PBXTargetDependency */ = {
			isa = PBXTargetDependency;
			target = F456CD87292A22FF0012555B /* calendar */;
			targetProxy = F456CD9F292A23010012555B /* PBXContainerItemProxy */;
		};
		F456CDAA292A23010012555B /* PBXTargetDependency */ = {
			isa = PBXTargetDependency;
			target = F456CD87292A22FF0012555B /* calendar */;
			targetProxy = F456CDA9292A23010012555B /* PBXContainerItemProxy */;
		};
/* End PBXTargetDependency section */

/* Begin PBXVariantGroup section */
		F456CD96292A23000012555B /* LaunchScreen.storyboard */ = {
			isa = PBXVariantGroup;
			children = (
				F456CD97292A23000012555B /* Base */,
			);
			name = LaunchScreen.storyboard;
			sourceTree = "<group>";
		};
/* End PBXVariantGroup section */

/* Begin XCBuildConfiguration section */
		F456CDB0292A23010012555B /* Debug */ = {
			isa = XCBuildConfiguration;
			buildSettings = {
				ALWAYS_SEARCH_USER_PATHS = NO;
				CLANG_ANALYZER_NONNULL = YES;
				CLANG_ANALYZER_NUMBER_OBJECT_CONVERSION = YES_AGGRESSIVE;
				CLANG_CXX_LANGUAGE_STANDARD = "gnu++20";
				CLANG_ENABLE_MODULES = YES;
				CLANG_ENABLE_OBJC_ARC = YES;
				CLANG_ENABLE_OBJC_WEAK = YES;
				CLANG_WARN_BLOCK_CAPTURE_AUTORELEASING = YES;
				CLANG_WARN_BOOL_CONVERSION = YES;
				CLANG_WARN_COMMA = YES;
				CLANG_WARN_CONSTANT_CONVERSION = YES;
				CLANG_WARN_DEPRECATED_OBJC_IMPLEMENTATIONS = YES;
				CLANG_WARN_DIRECT_OBJC_ISA_USAGE = YES_ERROR;
				CLANG_WARN_DOCUMENTATION_COMMENTS = YES;
				CLANG_WARN_EMPTY_BODY = YES;
				CLANG_WARN_ENUM_CONVERSION = YES;
				CLANG_WARN_INFINITE_RECURSION = YES;
				CLANG_WARN_INT_CONVERSION = YES;
				CLANG_WARN_NON_LITERAL_NULL_CONVERSION = YES;
				CLANG_WARN_OBJC_IMPLICIT_RETAIN_SELF = YES;
				CLANG_WARN_OBJC_LITERAL_CONVERSION = YES;
				CLANG_WARN_OBJC_ROOT_CLASS = YES_ERROR;
				CLANG_WARN_QUOTED_INCLUDE_IN_FRAMEWORK_HEADER = YES;
				CLANG_WARN_RANGE_LOOP_ANALYSIS = YES;
				CLANG_WARN_STRICT_PROTOTYPES = YES;
				CLANG_WARN_SUSPICIOUS_MOVE = YES;
				CLANG_WARN_UNGUARDED_AVAILABILITY = YES_AGGRESSIVE;
				CLANG_WARN_UNREACHABLE_CODE = YES;
				CLANG_WARN__DUPLICATE_METHOD_MATCH = YES;
				COPY_PHASE_STRIP = NO;
				DEBUG_INFORMATION_FORMAT = dwarf;
				ENABLE_STRICT_OBJC_MSGSEND = YES;
				ENABLE_TESTABILITY = YES;
				GCC_C_LANGUAGE_STANDARD = gnu11;
				GCC_DYNAMIC_NO_PIC = NO;
				GCC_NO_COMMON_BLOCKS = YES;
				GCC_OPTIMIZATION_LEVEL = 0;
				GCC_PREPROCESSOR_DEFINITIONS = (
					"DEBUG=1",
					"$(inherited)",
				);
				GCC_WARN_64_TO_32_BIT_CONVERSION = YES;
				GCC_WARN_ABOUT_RETURN_TYPE = YES_ERROR;
				GCC_WARN_UNDECLARED_SELECTOR = YES;
				GCC_WARN_UNINITIALIZED_AUTOS = YES_AGGRESSIVE;
				GCC_WARN_UNUSED_FUNCTION = YES;
				GCC_WARN_UNUSED_VARIABLE = YES;
				IPHONEOS_DEPLOYMENT_TARGET = 16.1;
				MTL_ENABLE_DEBUG_INFO = INCLUDE_SOURCE;
				MTL_FAST_MATH = YES;
				ONLY_ACTIVE_ARCH = YES;
				SDKROOT = iphoneos;
				SWIFT_ACTIVE_COMPILATION_CONDITIONS = DEBUG;
				SWIFT_OPTIMIZATION_LEVEL = "-Onone";
			};
			name = Debug;
		};
		F456CDB1292A23010012555B /* Release */ = {
			isa = XCBuildConfiguration;
			buildSettings = {
				ALWAYS_SEARCH_USER_PATHS = NO;
				CLANG_ANALYZER_NONNULL = YES;
				CLANG_ANALYZER_NUMBER_OBJECT_CONVERSION = YES_AGGRESSIVE;
				CLANG_CXX_LANGUAGE_STANDARD = "gnu++20";
				CLANG_ENABLE_MODULES = YES;
				CLANG_ENABLE_OBJC_ARC = YES;
				CLANG_ENABLE_OBJC_WEAK = YES;
				CLANG_WARN_BLOCK_CAPTURE_AUTORELEASING = YES;
				CLANG_WARN_BOOL_CONVERSION = YES;
				CLANG_WARN_COMMA = YES;
				CLANG_WARN_CONSTANT_CONVERSION = YES;
				CLANG_WARN_DEPRECATED_OBJC_IMPLEMENTATIONS = YES;
				CLANG_WARN_DIRECT_OBJC_ISA_USAGE = YES_ERROR;
				CLANG_WARN_DOCUMENTATION_COMMENTS = YES;
				CLANG_WARN_EMPTY_BODY = YES;
				CLANG_WARN_ENUM_CONVERSION = YES;
				CLANG_WARN_INFINITE_RECURSION = YES;
				CLANG_WARN_INT_CONVERSION = YES;
				CLANG_WARN_NON_LITERAL_NULL_CONVERSION = YES;
				CLANG_WARN_OBJC_IMPLICIT_RETAIN_SELF = YES;
				CLANG_WARN_OBJC_LITERAL_CONVERSION = YES;
				CLANG_WARN_OBJC_ROOT_CLASS = YES_ERROR;
				CLANG_WARN_QUOTED_INCLUDE_IN_FRAMEWORK_HEADER = YES;
				CLANG_WARN_RANGE_LOOP_ANALYSIS = YES;
				CLANG_WARN_STRICT_PROTOTYPES = YES;
				CLANG_WARN_SUSPICIOUS_MOVE = YES;
				CLANG_WARN_UNGUARDED_AVAILABILITY = YES_AGGRESSIVE;
				CLANG_WARN_UNREACHABLE_CODE = YES;
				CLANG_WARN__DUPLICATE_METHOD_MATCH = YES;
				COPY_PHASE_STRIP = NO;
				DEBUG_INFORMATION_FORMAT = "dwarf-with-dsym";
				ENABLE_NS_ASSERTIONS = NO;
				ENABLE_STRICT_OBJC_MSGSEND = YES;
				GCC_C_LANGUAGE_STANDARD = gnu11;
				GCC_NO_COMMON_BLOCKS = YES;
				GCC_WARN_64_TO_32_BIT_CONVERSION = YES;
				GCC_WARN_ABOUT_RETURN_TYPE = YES_ERROR;
				GCC_WARN_UNDECLARED_SELECTOR = YES;
				GCC_WARN_UNINITIALIZED_AUTOS = YES_AGGRESSIVE;
				GCC_WARN_UNUSED_FUNCTION = YES;
				GCC_WARN_UNUSED_VARIABLE = YES;
				IPHONEOS_DEPLOYMENT_TARGET = 16.1;
				MTL_ENABLE_DEBUG_INFO = NO;
				MTL_FAST_MATH = YES;
				SDKROOT = iphoneos;
				SWIFT_COMPILATION_MODE = wholemodule;
				SWIFT_OPTIMIZATION_LEVEL = "-O";
				VALIDATE_PRODUCT = YES;
			};
			name = Release;
		};
		F456CDB3292A23010012555B /* Debug */ = {
			isa = XCBuildConfiguration;
			baseConfigurationReference = D6C4E6AE40166E203A717FBC /* Pods-calendar.debug.xcconfig */;
			buildSettings = {
				ASSETCATALOG_COMPILER_APPICON_NAME = AppIcon;
				ASSETCATALOG_COMPILER_GLOBAL_ACCENT_COLOR_NAME = AccentColor;
				CODE_SIGN_ENTITLEMENTS = calendar/calendar.entitlements;
				CODE_SIGN_IDENTITY = "Apple Development";
				"CODE_SIGN_IDENTITY[sdk=macosx*]" = "Apple Development";
				CODE_SIGN_STYLE = Automatic;
				CURRENT_PROJECT_VERSION = 1;
				DEVELOPMENT_TEAM = 6U26F9AC79;
				GENERATE_INFOPLIST_FILE = YES;
				INFOPLIST_FILE = calendar/Info.plist;
				INFOPLIST_KEY_UIApplicationSupportsIndirectInputEvents = YES;
				INFOPLIST_KEY_UILaunchStoryboardName = LaunchScreen;
				INFOPLIST_KEY_UISupportedInterfaceOrientations = UIInterfaceOrientationPortrait;
				INFOPLIST_KEY_UISupportedInterfaceOrientations_iPad = "UIInterfaceOrientationLandscapeLeft UIInterfaceOrientationLandscapeRight UIInterfaceOrientationPortrait UIInterfaceOrientationPortraitUpsideDown";
				IPHONEOS_DEPLOYMENT_TARGET = 16.0;
				LD_RUNPATH_SEARCH_PATHS = (
					"$(inherited)",
					"@executable_path/Frameworks",
				);
				MARKETING_VERSION = 1.0;
				PRODUCT_BUNDLE_IDENTIFIER = com.mathi.calendar;
				PRODUCT_NAME = "$(TARGET_NAME)";
				PROVISIONING_PROFILE_SPECIFIER = "";
				SUPPORTED_PLATFORMS = "iphoneos iphonesimulator";
				SUPPORTS_MACCATALYST = YES;
				SUPPORTS_MAC_DESIGNED_FOR_IPHONE_IPAD = YES;
				SWIFT_EMIT_LOC_STRINGS = YES;
				SWIFT_VERSION = 5.0;
				TARGETED_DEVICE_FAMILY = "1,2";
			};
			name = Debug;
		};
		F456CDB4292A23010012555B /* Release */ = {
			isa = XCBuildConfiguration;
			baseConfigurationReference = 2A46E7D564D27C90D94BE3FF /* Pods-calendar.release.xcconfig */;
			buildSettings = {
				ASSETCATALOG_COMPILER_APPICON_NAME = AppIcon;
				ASSETCATALOG_COMPILER_GLOBAL_ACCENT_COLOR_NAME = AccentColor;
				CODE_SIGN_ENTITLEMENTS = calendar/calendar.entitlements;
				CODE_SIGN_IDENTITY = "Apple Development";
				"CODE_SIGN_IDENTITY[sdk=macosx*]" = "Apple Development";
				CODE_SIGN_STYLE = Automatic;
				CURRENT_PROJECT_VERSION = 1;
				DEVELOPMENT_TEAM = 6U26F9AC79;
				GENERATE_INFOPLIST_FILE = YES;
				INFOPLIST_FILE = calendar/Info.plist;
				INFOPLIST_KEY_UIApplicationSupportsIndirectInputEvents = YES;
				INFOPLIST_KEY_UILaunchStoryboardName = LaunchScreen;
				INFOPLIST_KEY_UISupportedInterfaceOrientations = UIInterfaceOrientationPortrait;
				INFOPLIST_KEY_UISupportedInterfaceOrientations_iPad = "UIInterfaceOrientationLandscapeLeft UIInterfaceOrientationLandscapeRight UIInterfaceOrientationPortrait UIInterfaceOrientationPortraitUpsideDown";
				IPHONEOS_DEPLOYMENT_TARGET = 16.0;
				LD_RUNPATH_SEARCH_PATHS = (
					"$(inherited)",
					"@executable_path/Frameworks",
				);
				MARKETING_VERSION = 1.0;
				PRODUCT_BUNDLE_IDENTIFIER = com.mathi.calendar;
				PRODUCT_NAME = "$(TARGET_NAME)";
				PROVISIONING_PROFILE_SPECIFIER = "";
				SUPPORTED_PLATFORMS = "iphoneos iphonesimulator";
				SUPPORTS_MACCATALYST = YES;
				SUPPORTS_MAC_DESIGNED_FOR_IPHONE_IPAD = YES;
				SWIFT_EMIT_LOC_STRINGS = YES;
				SWIFT_VERSION = 5.0;
				TARGETED_DEVICE_FAMILY = "1,2";
			};
			name = Release;
		};
		F456CDB6292A23010012555B /* Debug */ = {
			isa = XCBuildConfiguration;
			buildSettings = {
				ALWAYS_EMBED_SWIFT_STANDARD_LIBRARIES = YES;
				BUNDLE_LOADER = "$(TEST_HOST)";
				CODE_SIGN_STYLE = Automatic;
				CURRENT_PROJECT_VERSION = 1;
				GENERATE_INFOPLIST_FILE = YES;
				IPHONEOS_DEPLOYMENT_TARGET = 16.1;
				MARKETING_VERSION = 1.0;
				PRODUCT_BUNDLE_IDENTIFIER = com.mathi.calendarTests;
				PRODUCT_NAME = "$(TARGET_NAME)";
				SWIFT_EMIT_LOC_STRINGS = NO;
				SWIFT_VERSION = 5.0;
				TARGETED_DEVICE_FAMILY = "1,2";
				TEST_HOST = "$(BUILT_PRODUCTS_DIR)/calendar.app/$(BUNDLE_EXECUTABLE_FOLDER_PATH)/calendar";
			};
			name = Debug;
		};
		F456CDB7292A23010012555B /* Release */ = {
			isa = XCBuildConfiguration;
			buildSettings = {
				ALWAYS_EMBED_SWIFT_STANDARD_LIBRARIES = YES;
				BUNDLE_LOADER = "$(TEST_HOST)";
				CODE_SIGN_STYLE = Automatic;
				CURRENT_PROJECT_VERSION = 1;
				GENERATE_INFOPLIST_FILE = YES;
				IPHONEOS_DEPLOYMENT_TARGET = 16.1;
				MARKETING_VERSION = 1.0;
				PRODUCT_BUNDLE_IDENTIFIER = com.mathi.calendarTests;
				PRODUCT_NAME = "$(TARGET_NAME)";
				SWIFT_EMIT_LOC_STRINGS = NO;
				SWIFT_VERSION = 5.0;
				TARGETED_DEVICE_FAMILY = "1,2";
				TEST_HOST = "$(BUILT_PRODUCTS_DIR)/calendar.app/$(BUNDLE_EXECUTABLE_FOLDER_PATH)/calendar";
			};
			name = Release;
		};
		F456CDB9292A23010012555B /* Debug */ = {
			isa = XCBuildConfiguration;
			buildSettings = {
				ALWAYS_EMBED_SWIFT_STANDARD_LIBRARIES = YES;
				CODE_SIGN_STYLE = Automatic;
				CURRENT_PROJECT_VERSION = 1;
				GENERATE_INFOPLIST_FILE = YES;
				MARKETING_VERSION = 1.0;
				PRODUCT_BUNDLE_IDENTIFIER = com.mathi.calendarUITests;
				PRODUCT_NAME = "$(TARGET_NAME)";
				SWIFT_EMIT_LOC_STRINGS = NO;
				SWIFT_VERSION = 5.0;
				TARGETED_DEVICE_FAMILY = "1,2";
				TEST_TARGET_NAME = calendar;
			};
			name = Debug;
		};
		F456CDBA292A23010012555B /* Release */ = {
			isa = XCBuildConfiguration;
			buildSettings = {
				ALWAYS_EMBED_SWIFT_STANDARD_LIBRARIES = YES;
				CODE_SIGN_STYLE = Automatic;
				CURRENT_PROJECT_VERSION = 1;
				GENERATE_INFOPLIST_FILE = YES;
				MARKETING_VERSION = 1.0;
				PRODUCT_BUNDLE_IDENTIFIER = com.mathi.calendarUITests;
				PRODUCT_NAME = "$(TARGET_NAME)";
				SWIFT_EMIT_LOC_STRINGS = NO;
				SWIFT_VERSION = 5.0;
				TARGETED_DEVICE_FAMILY = "1,2";
				TEST_TARGET_NAME = calendar;
			};
			name = Release;
		};
/* End XCBuildConfiguration section */

/* Begin XCConfigurationList section */
		F456CD83292A22FF0012555B /* Build configuration list for PBXProject "calendar" */ = {
			isa = XCConfigurationList;
			buildConfigurations = (
				F456CDB0292A23010012555B /* Debug */,
				F456CDB1292A23010012555B /* Release */,
			);
			defaultConfigurationIsVisible = 0;
			defaultConfigurationName = Release;
		};
		F456CDB2292A23010012555B /* Build configuration list for PBXNativeTarget "calendar" */ = {
			isa = XCConfigurationList;
			buildConfigurations = (
				F456CDB3292A23010012555B /* Debug */,
				F456CDB4292A23010012555B /* Release */,
			);
			defaultConfigurationIsVisible = 0;
			defaultConfigurationName = Release;
		};
		F456CDB5292A23010012555B /* Build configuration list for PBXNativeTarget "calendarTests" */ = {
			isa = XCConfigurationList;
			buildConfigurations = (
				F456CDB6292A23010012555B /* Debug */,
				F456CDB7292A23010012555B /* Release */,
			);
			defaultConfigurationIsVisible = 0;
			defaultConfigurationName = Release;
		};
		F456CDB8292A23010012555B /* Build configuration list for PBXNativeTarget "calendarUITests" */ = {
			isa = XCConfigurationList;
			buildConfigurations = (
				F456CDB9292A23010012555B /* Debug */,
				F456CDBA292A23010012555B /* Release */,
			);
			defaultConfigurationIsVisible = 0;
			defaultConfigurationName = Release;
		};
/* End XCConfigurationList section */
	};
	rootObject = F456CD80292A22FF0012555B /* Project object */;
}
